
Microsoft Visual Studio Solution File, Format Version 12.00
# Visual Studio Version 17
VisualStudioVersion = 17.2.32505.173
MinimumVisualStudioVersion = 10.0.40219.1
Project("{9A19103F-16F7-4668-BE54-9A1E7A4F7556}") = "CleanArchMVC.Domain", "CleanArchMVC.Domain\CleanArchMVC.Domain.csproj", "{910C41E7-00D6-4F1A-8D7B-3F27D2E43E22}"
EndProject
Project("{9A19103F-16F7-4668-BE54-9A1E7A4F7556}") = "CleanArchMVC.Application", "CleanArchMVC.Application\CleanArchMVC.Application.csproj", "{A6D91B9B-100C-4544-9703-EB8E333DAF1D}"
EndProject
Project("{9A19103F-16F7-4668-BE54-9A1E7A4F7556}") = "CleanArchMVC.Infra.Data", "CleanArchMVC.Infra.Data\CleanArchMVC.Infra.Data.csproj", "{CC14E7B8-D92F-4275-87EA-01547551CCB4}"
EndProject
Project("{9A19103F-16F7-4668-BE54-9A1E7A4F7556}") = "CleanArchMVC.Infra.Ioc", "CleanArchMVC.Infra.Ioc\CleanArchMVC.Infra.Ioc.csproj", "{78E65C6A-E6B9-47F9-BA69-3B73B43A34DC}"
EndProject
Project("{9A19103F-16F7-4668-BE54-9A1E7A4F7556}") = "CleanArchMVC.WebUI", "CleanArchMVC.WebUI\CleanArchMVC.WebUI.csproj", "{716EFEE4-739E-4F26-B138-08DC34D7F6F0}"
EndProject
Project("{9A19103F-16F7-4668-BE54-9A1E7A4F7556}") = "CleanArchMVC.Domain.Tests", "CleanArchMVC.Domain.Tests\CleanArchMVC.Domain.Tests.csproj", "{8590AED1-DDA4-47B1-B270-629C789B1537}"
EndProject
Project("{FAE04EC0-301F-11D3-BF4B-00C04F79EFBC}") = "CleanArchMVC.API", "CleanArchMVC.API\CleanArchMVC.API.csproj", "{AF3E91F0-6C07-4716-B4F5-FA329B0611AB}"
EndProject
Global
	GlobalSection(SolutionConfigurationPlatforms) = preSolution
		Debug|Any CPU = Debug|Any CPU
		Release|Any CPU = Release|Any CPU
	EndGlobalSection
	GlobalSection(ProjectConfigurationPlatforms) = postSolution
		{910C41E7-00D6-4F1A-8D7B-3F27D2E43E22}.Debug|Any CPU.ActiveCfg = Debug|Any CPU
		{910C41E7-00D6-4F1A-8D7B-3F27D2E43E22}.Debug|Any CPU.Build.0 = Debug|Any CPU
		{910C41E7-00D6-4F1A-8D7B-3F27D2E43E22}.Release|Any CPU.ActiveCfg = Release|Any CPU
		{910C41E7-00D6-4F1A-8D7B-3F27D2E43E22}.Release|Any CPU.Build.0 = Release|Any CPU
		{A6D91B9B-100C-4544-9703-EB8E333DAF1D}.Debug|Any CPU.ActiveCfg = Debug|Any CPU
		{A6D91B9B-100C-4544-9703-EB8E333DAF1D}.Debug|Any CPU.Build.0 = Debug|Any CPU
		{A6D91B9B-100C-4544-9703-EB8E333DAF1D}.Release|Any CPU.ActiveCfg = Release|Any CPU
		{A6D91B9B-100C-4544-9703-EB8E333DAF1D}.Release|Any CPU.Build.0 = Release|Any CPU
		{CC14E7B8-D92F-4275-87EA-01547551CCB4}.Debug|Any CPU.ActiveCfg = Debug|Any CPU
		{CC14E7B8-D92F-4275-87EA-01547551CCB4}.Debug|Any CPU.Build.0 = Debug|Any CPU
		{CC14E7B8-D92F-4275-87EA-01547551CCB4}.Release|Any CPU.ActiveCfg = Release|Any CPU
		{CC14E7B8-D92F-4275-87EA-01547551CCB4}.Release|Any CPU.Build.0 = Release|Any CPU
		{78E65C6A-E6B9-47F9-BA69-3B73B43A34DC}.Debug|Any CPU.ActiveCfg = Debug|Any CPU
		{78E65C6A-E6B9-47F9-BA69-3B73B43A34DC}.Debug|Any CPU.Build.0 = Debug|Any CPU
		{78E65C6A-E6B9-47F9-BA69-3B73B43A34DC}.Release|Any CPU.ActiveCfg = Release|Any CPU
		{78E65C6A-E6B9-47F9-BA69-3B73B43A34DC}.Release|Any CPU.Build.0 = Release|Any CPU
		{716EFEE4-739E-4F26-B138-08DC34D7F6F0}.Debug|Any CPU.ActiveCfg = Debug|Any CPU
		{716EFEE4-739E-4F26-B138-08DC34D7F6F0}.Debug|Any CPU.Build.0 = Debug|Any CPU
		{716EFEE4-739E-4F26-B138-08DC34D7F6F0}.Release|Any CPU.ActiveCfg = Release|Any CPU
		{716EFEE4-739E-4F26-B138-08DC34D7F6F0}.Release|Any CPU.Build.0 = Release|Any CPU
		{8590AED1-DDA4-47B1-B270-629C789B1537}.Debug|Any CPU.ActiveCfg = Debug|Any CPU
		{8590AED1-DDA4-47B1-B270-629C789B1537}.Debug|Any CPU.Build.0 = Debug|Any CPU
		{8590AED1-DDA4-47B1-B270-629C789B1537}.Release|Any CPU.ActiveCfg = Release|Any CPU
		{8590AED1-DDA4-47B1-B270-629C789B1537}.Release|Any CPU.Build.0 = Release|Any CPU
		{AF3E91F0-6C07-4716-B4F5-FA329B0611AB}.Debug|Any CPU.ActiveCfg = Debug|Any CPU
		{AF3E91F0-6C07-4716-B4F5-FA329B0611AB}.Debug|Any CPU.Build.0 = Debug|Any CPU
		{AF3E91F0-6C07-4716-B4F5-FA329B0611AB}.Release|Any CPU.ActiveCfg = Release|Any CPU
		{AF3E91F0-6C07-4716-B4F5-FA329B0611AB}.Release|Any CPU.Build.0 = Release|Any CPU
	EndGlobalSection
	GlobalSection(SolutionProperties) = preSolution
		HideSolutionNode = FALSE
	EndGlobalSection
	GlobalSection(ExtensibilityGlobals) = postSolution
		SolutionGuid = {55D41388-190A-40A6-9AF5-36BB4E770EE7}
	EndGlobalSection
EndGlobal
