
Microsoft Visual Studio Solution File, Format Version 12.00
# Visual Studio Version 16
VisualStudioVersion = 16.0.32228.343
MinimumVisualStudioVersion = 10.0.40219.1
Project("{FAE04EC0-301F-11D3-BF4B-00C04F79EFBC}") = "CleanArch.Domain", "CleanArch.Domain\CleanArch.Domain.csproj", "{0120846A-A7DB-49BC-B6C4-870E0FB4F1AE}"
EndProject
Project("{FAE04EC0-301F-11D3-BF4B-00C04F79EFBC}") = "CleanArch.Application", "CleanArch.Application\CleanArch.Application.csproj", "{6CCA215C-875F-4C68-9581-51B1477A01FA}"
EndProject
Project("{FAE04EC0-301F-11D3-BF4B-00C04F79EFBC}") = "CleanArch.Infra.Data", "CleanArch.Infra.Data\CleanArch.Infra.Data.csproj", "{840C4A89-DD2F-4F1B-B3AE-BDE4583BAB62}"
EndProject
Project("{FAE04EC0-301F-11D3-BF4B-00C04F79EFBC}") = "CleanArch.Infra.Ioc", "CleanArch.Infra.Ioc\CleanArch.Infra.Ioc.csproj", "{0BD600E7-C3CB-4545-82B8-DBBD417F32DB}"
EndProject
Project("{FAE04EC0-301F-11D3-BF4B-00C04F79EFBC}") = "CleanArch.MVC", "CleanArch.MVC\CleanArch.MVC.csproj", "{C09E90AF-96D7-4AF3-B490-5E1092A9BF5F}"
EndProject
Global
	GlobalSection(SolutionConfigurationPlatforms) = preSolution
		Debug|Any CPU = Debug|Any CPU
		Release|Any CPU = Release|Any CPU
	EndGlobalSection
	GlobalSection(ProjectConfigurationPlatforms) = postSolution
		{0120846A-A7DB-49BC-B6C4-870E0FB4F1AE}.Debug|Any CPU.ActiveCfg = Debug|Any CPU
		{0120846A-A7DB-49BC-B6C4-870E0FB4F1AE}.Debug|Any CPU.Build.0 = Debug|Any CPU
		{0120846A-A7DB-49BC-B6C4-870E0FB4F1AE}.Release|Any CPU.ActiveCfg = Release|Any CPU
		{0120846A-A7DB-49BC-B6C4-870E0FB4F1AE}.Release|Any CPU.Build.0 = Release|Any CPU
		{6CCA215C-875F-4C68-9581-51B1477A01FA}.Debug|Any CPU.ActiveCfg = Debug|Any CPU
		{6CCA215C-875F-4C68-9581-51B1477A01FA}.Debug|Any CPU.Build.0 = Debug|Any CPU
		{6CCA215C-875F-4C68-9581-51B1477A01FA}.Release|Any CPU.ActiveCfg = Release|Any CPU
		{6CCA215C-875F-4C68-9581-51B1477A01FA}.Release|Any CPU.Build.0 = Release|Any CPU
		{840C4A89-DD2F-4F1B-B3AE-BDE4583BAB62}.Debug|Any CPU.ActiveCfg = Debug|Any CPU
		{840C4A89-DD2F-4F1B-B3AE-BDE4583BAB62}.Debug|Any CPU.Build.0 = Debug|Any CPU
		{840C4A89-DD2F-4F1B-B3AE-BDE4583BAB62}.Release|Any CPU.ActiveCfg = Release|Any CPU
		{840C4A89-DD2F-4F1B-B3AE-BDE4583BAB62}.Release|Any CPU.Build.0 = Release|Any CPU
		{0BD600E7-C3CB-4545-82B8-DBBD417F32DB}.Debug|Any CPU.ActiveCfg = Debug|Any CPU
		{0BD600E7-C3CB-4545-82B8-DBBD417F32DB}.Debug|Any CPU.Build.0 = Debug|Any CPU
		{0BD600E7-C3CB-4545-82B8-DBBD417F32DB}.Release|Any CPU.ActiveCfg = Release|Any CPU
		{0BD600E7-C3CB-4545-82B8-DBBD417F32DB}.Release|Any CPU.Build.0 = Release|Any CPU
		{C09E90AF-96D7-4AF3-B490-5E1092A9BF5F}.Debug|Any CPU.ActiveCfg = Debug|Any CPU
		{C09E90AF-96D7-4AF3-B490-5E1092A9BF5F}.Debug|Any CPU.Build.0 = Debug|Any CPU
		{C09E90AF-96D7-4AF3-B490-5E1092A9BF5F}.Release|Any CPU.ActiveCfg = Release|Any CPU
		{C09E90AF-96D7-4AF3-B490-5E1092A9BF5F}.Release|Any CPU.Build.0 = Release|Any CPU
	EndGlobalSection
	GlobalSection(SolutionProperties) = preSolution
		HideSolutionNode = FALSE
	EndGlobalSection
	GlobalSection(ExtensibilityGlobals) = postSolution
		SolutionGuid = {3D1C3E10-A47C-437E-A82C-1AFAA311A465}
	EndGlobalSection
EndGlobal
